// !$*UTF8*$!
{
	archiveVersion = 1;
	classes = {
	};
	objectVersion = 50;
	objects = {

/* Begin PBXBuildFile section */
		81D4D6BC284381C5008BAA19 /* PranaBrowserApp.swift in Sources */ = {isa = PBXBuildFile; fileRef = 81D4D6BB284381C5008BAA19 /* PranaBrowserApp.swift */; };
		81D4D6BE284381C5008BAA19 /* ContentView.swift in Sources */ = {isa = PBXBuildFile; fileRef = 81D4D6BD284381C5008BAA19 /* ContentView.swift */; };
		81D4D6C0284381CA008BAA19 /* Assets.xcassets in Resources */ = {isa = PBXBuildFile; fileRef = 81D4D6BF284381CA008BAA19 /* Assets.xcassets */; };
		81D4D6C3284381CA008BAA19 /* Preview Assets.xcassets in Resources */ = {isa = PBXBuildFile; fileRef = 81D4D6C2284381CA008BAA19 /* Preview Assets.xcassets */; };
		81D4D6CE284381CB008BAA19 /* PranaBrowserTests.swift in Sources */ = {isa = PBXBuildFile; fileRef = 81D4D6CD284381CB008BAA19 /* PranaBrowserTests.swift */; };
		81D4D6D9284381CB008BAA19 /* PranaBrowserUITests.swift in Sources */ = {isa = PBXBuildFile; fileRef = 81D4D6D8284381CB008BAA19 /* PranaBrowserUITests.swift */; };
/* End PBXBuildFile section */

/* Begin PBXContainerItemProxy section */
		81D4D6CA284381CB008BAA19 /* PBXContainerItemProxy */ = {
			isa = PBXContainerItemProxy;
			containerPortal = 81D4D6B0284381C5008BAA19 /* Project object */;
			proxyType = 1;
			remoteGlobalIDString = 81D4D6B7284381C5008BAA19;
			remoteInfo = PranaBrowser;
		};
		81D4D6D5284381CB008BAA19 /* PBXContainerItemProxy */ = {
			isa = PBXContainerItemProxy;
			containerPortal = 81D4D6B0284381C5008BAA19 /* Project object */;
			proxyType = 1;
			remoteGlobalIDString = 81D4D6B7284381C5008BAA19;
			remoteInfo = PranaBrowser;
		};
/* End PBXContainerItemProxy section */

/* Begin PBXFileReference section */
		81D4D6B8284381C5008BAA19 /* PranaBrowser.app */ = {isa = PBXFileReference; explicitFileType = wrapper.application; includeInIndex = 0; path = PranaBrowser.app; sourceTree = BUILT_PRODUCTS_DIR; };
		81D4D6BB284381C5008BAA19 /* PranaBrowserApp.swift */ = {isa = PBXFileReference; lastKnownFileType = sourcecode.swift; path = PranaBrowserApp.swift; sourceTree = "<group>"; };
		81D4D6BD284381C5008BAA19 /* ContentView.swift */ = {isa = PBXFileReference; lastKnownFileType = sourcecode.swift; path = ContentView.swift; sourceTree = "<group>"; };
		81D4D6BF284381CA008BAA19 /* Assets.xcassets */ = {isa = PBXFileReference; lastKnownFileType = folder.assetcatalog; path = Assets.xcassets; sourceTree = "<group>"; };
		81D4D6C2284381CA008BAA19 /* Preview Assets.xcassets */ = {isa = PBXFileReference; lastKnownFileType = folder.assetcatalog; path = "Preview Assets.xcassets"; sourceTree = "<group>"; };
		81D4D6C4284381CA008BAA19 /* Info.plist */ = {isa = PBXFileReference; lastKnownFileType = text.plist.xml; path = Info.plist; sourceTree = "<group>"; };
		81D4D6C9284381CB008BAA19 /* PranaBrowserTests.xctest */ = {isa = PBXFileReference; explicitFileType = wrapper.cfbundle; includeInIndex = 0; path = PranaBrowserTests.xctest; sourceTree = BUILT_PRODUCTS_DIR; };
		81D4D6CD284381CB008BAA19 /* PranaBrowserTests.swift */ = {isa = PBXFileReference; lastKnownFileType = sourcecode.swift; path = PranaBrowserTests.swift; sourceTree = "<group>"; };
		81D4D6CF284381CB008BAA19 /* Info.plist */ = {isa = PBXFileReference; lastKnownFileType = text.plist.xml; path = Info.plist; sourceTree = "<group>"; };
		81D4D6D4284381CB008BAA19 /* PranaBrowserUITests.xctest */ = {isa = PBXFileReference; explicitFileType = wrapper.cfbundle; includeInIndex = 0; path = PranaBrowserUITests.xctest; sourceTree = BUILT_PRODUCTS_DIR; };
		81D4D6D8284381CB008BAA19 /* PranaBrowserUITests.swift */ = {isa = PBXFileReference; lastKnownFileType = sourcecode.swift; path = PranaBrowserUITests.swift; sourceTree = "<group>"; };
		81D4D6DA284381CB008BAA19 /* Info.plist */ = {isa = PBXFileReference; lastKnownFileType = text.plist.xml; path = Info.plist; sourceTree = "<group>"; };
/* End PBXFileReference section */

/* Begin PBXFrameworksBuildPhase section */
		81D4D6B5284381C5008BAA19 /* Frameworks */ = {
			isa = PBXFrameworksBuildPhase;
			buildActionMask = 2147483647;
			files = (
			);
			runOnlyForDeploymentPostprocessing = 0;
		};
		81D4D6C6284381CB008BAA19 /* Frameworks */ = {
			isa = PBXFrameworksBuildPhase;
			buildActionMask = 2147483647;
			files = (
			);
			runOnlyForDeploymentPostprocessing = 0;
		};
		81D4D6D1284381CB008BAA19 /* Frameworks */ = {
			isa = PBXFrameworksBuildPhase;
			buildActionMask = 2147483647;
			files = (
			);
			runOnlyForDeploymentPostprocessing = 0;
		};
/* End PBXFrameworksBuildPhase section */

/* Begin PBXGroup section */
		81D4D6AF284381C5008BAA19 = {
			isa = PBXGroup;
			children = (
				81D4D6BA284381C5008BAA19 /* PranaBrowser */,
				81D4D6CC284381CB008BAA19 /* PranaBrowserTests */,
				81D4D6D7284381CB008BAA19 /* PranaBrowserUITests */,
				81D4D6B9284381C5008BAA19 /* Products */,
			);
			sourceTree = "<group>";
		};
		81D4D6B9284381C5008BAA19 /* Products */ = {
			isa = PBXGroup;
			children = (
				81D4D6B8284381C5008BAA19 /* PranaBrowser.app */,
				81D4D6C9284381CB008BAA19 /* PranaBrowserTests.xctest */,
				81D4D6D4284381CB008BAA19 /* PranaBrowserUITests.xctest */,
			);
			name = Products;
			sourceTree = "<group>";
		};
		81D4D6BA284381C5008BAA19 /* PranaBrowser */ = {
			isa = PBXGroup;
			children = (
				81D4D6BB284381C5008BAA19 /* PranaBrowserApp.swift */,
				81D4D6BD284381C5008BAA19 /* ContentView.swift */,
				81D4D6BF284381CA008BAA19 /* Assets.xcassets */,
				81D4D6C4284381CA008BAA19 /* Info.plist */,
				81D4D6C1284381CA008BAA19 /* Preview Content */,
			);
			path = PranaBrowser;
			sourceTree = "<group>";
		};
		81D4D6C1284381CA008BAA19 /* Preview Content */ = {
			isa = PBXGroup;
			children = (
				81D4D6C2284381CA008BAA19 /* Preview Assets.xcassets */,
			);
			path = "Preview Content";
			sourceTree = "<group>";
		};
		81D4D6CC284381CB008BAA19 /* PranaBrowserTests */ = {
			isa = PBXGroup;
			children = (
				81D4D6CD284381CB008BAA19 /* PranaBrowserTests.swift */,
				81D4D6CF284381CB008BAA19 /* Info.plist */,
			);
			path = PranaBrowserTests;
			sourceTree = "<group>";
		};
		81D4D6D7284381CB008BAA19 /* PranaBrowserUITests */ = {
			isa = PBXGroup;
			children = (
				81D4D6D8284381CB008BAA19 /* PranaBrowserUITests.swift */,
				81D4D6DA284381CB008BAA19 /* Info.plist */,
			);
			path = PranaBrowserUITests;
			sourceTree = "<group>";
		};
/* End PBXGroup section */

/* Begin PBXNativeTarget section */
		81D4D6B7284381C5008BAA19 /* PranaBrowser */ = {
			isa = PBXNativeTarget;
			buildConfigurationList = 81D4D6DD284381CB008BAA19 /* Build configuration list for PBXNativeTarget "PranaBrowser" */;
			buildPhases = (
				81D4D6B4284381C5008BAA19 /* Sources */,
				81D4D6B5284381C5008BAA19 /* Frameworks */,
				81D4D6B6284381C5008BAA19 /* Resources */,
			);
			buildRules = (
			);
			dependencies = (
			);
			name = PranaBrowser;
			productName = PranaBrowser;
			productReference = 81D4D6B8284381C5008BAA19 /* PranaBrowser.app */;
			productType = "com.apple.product-type.application";
		};
		81D4D6C8284381CB008BAA19 /* PranaBrowserTests */ = {
			isa = PBXNativeTarget;
			buildConfigurationList = 81D4D6E0284381CB008BAA19 /* Build configuration list for PBXNativeTarget "PranaBrowserTests" */;
			buildPhases = (
				81D4D6C5284381CB008BAA19 /* Sources */,
				81D4D6C6284381CB008BAA19 /* Frameworks */,
				81D4D6C7284381CB008BAA19 /* Resources */,
			);
			buildRules = (
			);
			dependencies = (
				81D4D6CB284381CB008BAA19 /* PBXTargetDependency */,
			);
			name = PranaBrowserTests;
			productName = PranaBrowserTests;
			productReference = 81D4D6C9284381CB008BAA19 /* PranaBrowserTests.xctest */;
			productType = "com.apple.product-type.bundle.unit-test";
		};
		81D4D6D3284381CB008BAA19 /* PranaBrowserUITests */ = {
			isa = PBXNativeTarget;
			buildConfigurationList = 81D4D6E3284381CB008BAA19 /* Build configuration list for PBXNativeTarget "PranaBrowserUITests" */;
			buildPhases = (
				81D4D6D0284381CB008BAA19 /* Sources */,
				81D4D6D1284381CB008BAA19 /* Frameworks */,
				81D4D6D2284381CB008BAA19 /* Resources */,
			);
			buildRules = (
			);
			dependencies = (
				81D4D6D6284381CB008BAA19 /* PBXTargetDependency */,
			);
			name = PranaBrowserUITests;
			productName = PranaBrowserUITests;
			productReference = 81D4D6D4284381CB008BAA19 /* PranaBrowserUITests.xctest */;
			productType = "com.apple.product-type.bundle.ui-testing";
		};
/* End PBXNativeTarget section */

/* Begin PBXProject section */
		81D4D6B0284381C5008BAA19 /* Project object */ = {
			isa = PBXProject;
			attributes = {
				LastSwiftUpdateCheck = 1250;
				LastUpgradeCheck = 1250;
				TargetAttributes = {
					81D4D6B7284381C5008BAA19 = {
						CreatedOnToolsVersion = 12.5.1;
					};
					81D4D6C8284381CB008BAA19 = {
						CreatedOnToolsVersion = 12.5.1;
						TestTargetID = 81D4D6B7284381C5008BAA19;
					};
					81D4D6D3284381CB008BAA19 = {
						CreatedOnToolsVersion = 12.5.1;
						TestTargetID = 81D4D6B7284381C5008BAA19;
					};
				};
			};
			buildConfigurationList = 81D4D6B3284381C5008BAA19 /* Build configuration list for PBXProject "PranaBrowser" */;
			compatibilityVersion = "Xcode 9.3";
			developmentRegion = en;
			hasScannedForEncodings = 0;
			knownRegions = (
				en,
				Base,
			);
			mainGroup = 81D4D6AF284381C5008BAA19;
			productRefGroup = 81D4D6B9284381C5008BAA19 /* Products */;
			projectDirPath = "";
			projectRoot = "";
			targets = (
				81D4D6B7284381C5008BAA19 /* PranaBrowser */,
				81D4D6C8284381CB008BAA19 /* PranaBrowserTests */,
				81D4D6D3284381CB008BAA19 /* PranaBrowserUITests */,
			);
		};
/* End PBXProject section */

/* Begin PBXResourcesBuildPhase section */
		81D4D6B6284381C5008BAA19 /* Resources */ = {
			isa = PBXResourcesBuildPhase;
			buildActionMask = 2147483647;
			files = (
				81D4D6C3284381CA008BAA19 /* Preview Assets.xcassets in Resources */,
				81D4D6C0284381CA008BAA19 /* Assets.xcassets in Resources */,
			);
			runOnlyForDeploymentPostprocessing = 0;
		};
		81D4D6C7284381CB008BAA19 /* Resources */ = {
			isa = PBXResourcesBuildPhase;
			buildActionMask = 2147483647;
			files = (
			);
			runOnlyForDeploymentPostprocessing = 0;
		};
		81D4D6D2284381CB008BAA19 /* Resources */ = {
			isa = PBXResourcesBuildPhase;
			buildActionMask = 2147483647;
			files = (
			);
			runOnlyForDeploymentPostprocessing = 0;
		};
/* End PBXResourcesBuildPhase section */

/* Begin PBXSourcesBuildPhase section */
		81D4D6B4284381C5008BAA19 /* Sources */ = {
			isa = PBXSourcesBuildPhase;
			buildActionMask = 2147483647;
			files = (
				81D4D6BE284381C5008BAA19 /* ContentView.swift in Sources */,
				81D4D6BC284381C5008BAA19 /* PranaBrowserApp.swift in Sources */,
			);
			runOnlyForDeploymentPostprocessing = 0;
		};
		81D4D6C5284381CB008BAA19 /* Sources */ = {
			isa = PBXSourcesBuildPhase;
			buildActionMask = 2147483647;
			files = (
				81D4D6CE284381CB008BAA19 /* PranaBrowserTests.swift in Sources */,
			);
			runOnlyForDeploymentPostprocessing = 0;
		};
		81D4D6D0284381CB008BAA19 /* Sources */ = {
			isa = PBXSourcesBuildPhase;
			buildActionMask = 2147483647;
			files = (
				81D4D6D9284381CB008BAA19 /* PranaBrowserUITests.swift in Sources */,
			);
			runOnlyForDeploymentPostprocessing = 0;
		};
/* End PBXSourcesBuildPhase section */

/* Begin PBXTargetDependency section */
		81D4D6CB284381CB008BAA19 /* PBXTargetDependency */ = {
			isa = PBXTargetDependency;
			target = 81D4D6B7284381C5008BAA19 /* PranaBrowser */;
			targetProxy = 81D4D6CA284381CB008BAA19 /* PBXContainerItemProxy */;
		};
		81D4D6D6284381CB008BAA19 /* PBXTargetDependency */ = {
			isa = PBXTargetDependency;
			target = 81D4D6B7284381C5008BAA19 /* PranaBrowser */;
			targetProxy = 81D4D6D5284381CB008BAA19 /* PBXContainerItemProxy */;
		};
/* End PBXTargetDependency section */

/* Begin XCBuildConfiguration section */
		81D4D6DB284381CB008BAA19 /* Debug */ = {
			isa = XCBuildConfiguration;
			buildSettings = {
				ALWAYS_SEARCH_USER_PATHS = NO;
				CLANG_ANALYZER_NONNULL = YES;
				CLANG_ANALYZER_NUMBER_OBJECT_CONVERSION = YES_AGGRESSIVE;
				CLANG_CXX_LANGUAGE_STANDARD = "gnu++14";
				CLANG_CXX_LIBRARY = "libc++";
				CLANG_ENABLE_MODULES = YES;
				CLANG_ENABLE_OBJC_ARC = YES;
				CLANG_ENABLE_OBJC_WEAK = YES;
				CLANG_WARN_BLOCK_CAPTURE_AUTORELEASING = YES;
				CLANG_WARN_BOOL_CONVERSION = YES;
				CLANG_WARN_COMMA = YES;
				CLANG_WARN_CONSTANT_CONVERSION = YES;
				CLANG_WARN_DEPRECATED_OBJC_IMPLEMENTATIONS = YES;
				CLANG_WARN_DIRECT_OBJC_ISA_USAGE = YES_ERROR;
				CLANG_WARN_DOCUMENTATION_COMMENTS = YES;
				CLANG_WARN_EMPTY_BODY = YES;
				CLANG_WARN_ENUM_CONVERSION = YES;
				CLANG_WARN_INFINITE_RECURSION = YES;
				CLANG_WARN_INT_CONVERSION = YES;
				CLANG_WARN_NON_LITERAL_NULL_CONVERSION = YES;
				CLANG_WARN_OBJC_IMPLICIT_RETAIN_SELF = YES;
				CLANG_WARN_OBJC_LITERAL_CONVERSION = YES;
				CLANG_WARN_OBJC_ROOT_CLASS = YES_ERROR;
				CLANG_WARN_QUOTED_INCLUDE_IN_FRAMEWORK_HEADER = YES;
				CLANG_WARN_RANGE_LOOP_ANALYSIS = YES;
				CLANG_WARN_STRICT_PROTOTYPES = YES;
				CLANG_WARN_SUSPICIOUS_MOVE = YES;
				CLANG_WARN_UNGUARDED_AVAILABILITY = YES_AGGRESSIVE;
				CLANG_WARN_UNREACHABLE_CODE = YES;
				CLANG_WARN__DUPLICATE_METHOD_MATCH = YES;
				COPY_PHASE_STRIP = NO;
				DEBUG_INFORMATION_FORMAT = dwarf;
				ENABLE_STRICT_OBJC_MSGSEND = YES;
				ENABLE_TESTABILITY = YES;
				GCC_C_LANGUAGE_STANDARD = gnu11;
				GCC_DYNAMIC_NO_PIC = NO;
				GCC_NO_COMMON_BLOCKS = YES;
				GCC_OPTIMIZATION_LEVEL = 0;
				GCC_PREPROCESSOR_DEFINITIONS = (
					"DEBUG=1",
					"$(inherited)",
				);
				GCC_WARN_64_TO_32_BIT_CONVERSION = YES;
				GCC_WARN_ABOUT_RETURN_TYPE = YES_ERROR;
				GCC_WARN_UNDECLARED_SELECTOR = YES;
				GCC_WARN_UNINITIALIZED_AUTOS = YES_AGGRESSIVE;
				GCC_WARN_UNUSED_FUNCTION = YES;
				GCC_WARN_UNUSED_VARIABLE = YES;
				IPHONEOS_DEPLOYMENT_TARGET = 14.5;
				MTL_ENABLE_DEBUG_INFO = INCLUDE_SOURCE;
				MTL_FAST_MATH = YES;
				ONLY_ACTIVE_ARCH = YES;
				SDKROOT = iphoneos;
				SWIFT_ACTIVE_COMPILATION_CONDITIONS = DEBUG;
				SWIFT_OPTIMIZATION_LEVEL = "-Onone";
			};
			name = Debug;
		};
		81D4D6DC284381CB008BAA19 /* Release */ = {
			isa = XCBuildConfiguration;
			buildSettings = {
				ALWAYS_SEARCH_USER_PATHS = NO;
				CLANG_ANALYZER_NONNULL = YES;
				CLANG_ANALYZER_NUMBER_OBJECT_CONVERSION = YES_AGGRESSIVE;
				CLANG_CXX_LANGUAGE_STANDARD = "gnu++14";
				CLANG_CXX_LIBRARY = "libc++";
				CLANG_ENABLE_MODULES = YES;
				CLANG_ENABLE_OBJC_ARC = YES;
				CLANG_ENABLE_OBJC_WEAK = YES;
				CLANG_WARN_BLOCK_CAPTURE_AUTORELEASING = YES;
				CLANG_WARN_BOOL_CONVERSION = YES;
				CLANG_WARN_COMMA = YES;
				CLANG_WARN_CONSTANT_CONVERSION = YES;
				CLANG_WARN_DEPRECATED_OBJC_IMPLEMENTATIONS = YES;
				CLANG_WARN_DIRECT_OBJC_ISA_USAGE = YES_ERROR;
				CLANG_WARN_DOCUMENTATION_COMMENTS = YES;
				CLANG_WARN_EMPTY_BODY = YES;
				CLANG_WARN_ENUM_CONVERSION = YES;
				CLANG_WARN_INFINITE_RECURSION = YES;
				CLANG_WARN_INT_CONVERSION = YES;
				CLANG_WARN_NON_LITERAL_NULL_CONVERSION = YES;
				CLANG_WARN_OBJC_IMPLICIT_RETAIN_SELF = YES;
				CLANG_WARN_OBJC_LITERAL_CONVERSION = YES;
				CLANG_WARN_OBJC_ROOT_CLASS = YES_ERROR;
				CLANG_WARN_QUOTED_INCLUDE_IN_FRAMEWORK_HEADER = YES;
				CLANG_WARN_RANGE_LOOP_ANALYSIS = YES;
				CLANG_WARN_STRICT_PROTOTYPES = YES;
				CLANG_WARN_SUSPICIOUS_MOVE = YES;
				CLANG_WARN_UNGUARDED_AVAILABILITY = YES_AGGRESSIVE;
				CLANG_WARN_UNREACHABLE_CODE = YES;
				CLANG_WARN__DUPLICATE_METHOD_MATCH = YES;
				COPY_PHASE_STRIP = NO;
				DEBUG_INFORMATION_FORMAT = "dwarf-with-dsym";
				ENABLE_NS_ASSERTIONS = NO;
				ENABLE_STRICT_OBJC_MSGSEND = YES;
				GCC_C_LANGUAGE_STANDARD = gnu11;
				GCC_NO_COMMON_BLOCKS = YES;
				GCC_WARN_64_TO_32_BIT_CONVERSION = YES;
				GCC_WARN_ABOUT_RETURN_TYPE = YES_ERROR;
				GCC_WARN_UNDECLARED_SELECTOR = YES;
				GCC_WARN_UNINITIALIZED_AUTOS = YES_AGGRESSIVE;
				GCC_WARN_UNUSED_FUNCTION = YES;
				GCC_WARN_UNUSED_VARIABLE = YES;
				IPHONEOS_DEPLOYMENT_TARGET = 14.5;
				MTL_ENABLE_DEBUG_INFO = NO;
				MTL_FAST_MATH = YES;
				SDKROOT = iphoneos;
				SWIFT_COMPILATION_MODE = wholemodule;
				SWIFT_OPTIMIZATION_LEVEL = "-O";
				VALIDATE_PRODUCT = YES;
			};
			name = Release;
		};
		81D4D6DE284381CB008BAA19 /* Debug */ = {
			isa = XCBuildConfiguration;
			buildSettings = {
				ASSETCATALOG_COMPILER_APPICON_NAME = AppIcon;
				ASSETCATALOG_COMPILER_GLOBAL_ACCENT_COLOR_NAME = AccentColor;
				CODE_SIGN_STYLE = Automatic;
				DEVELOPMENT_ASSET_PATHS = "\"PranaBrowser/Preview Content\"";
				ENABLE_PREVIEWS = YES;
				INFOPLIST_FILE = PranaBrowser/Info.plist;
				IPHONEOS_DEPLOYMENT_TARGET = 14.0;
				LD_RUNPATH_SEARCH_PATHS = (
					"$(inherited)",
					"@executable_path/Frameworks",
				);
				PRODUCT_BUNDLE_IDENTIFIER = com.krishpranav.PranaBrowser;
				PRODUCT_NAME = "$(TARGET_NAME)";
				SWIFT_VERSION = 5.0;
				TARGETED_DEVICE_FAMILY = "1,2";
			};
			name = Debug;
		};
		81D4D6DF284381CB008BAA19 /* Release */ = {
			isa = XCBuildConfiguration;
			buildSettings = {
				ASSETCATALOG_COMPILER_APPICON_NAME = AppIcon;
				ASSETCATALOG_COMPILER_GLOBAL_ACCENT_COLOR_NAME = AccentColor;
				CODE_SIGN_STYLE = Automatic;
				DEVELOPMENT_ASSET_PATHS = "\"PranaBrowser/Preview Content\"";
				ENABLE_PREVIEWS = YES;
				INFOPLIST_FILE = PranaBrowser/Info.plist;
				IPHONEOS_DEPLOYMENT_TARGET = 14.0;
				LD_RUNPATH_SEARCH_PATHS = (
					"$(inherited)",
					"@executable_path/Frameworks",
				);
				PRODUCT_BUNDLE_IDENTIFIER = com.krishpranav.PranaBrowser;
				PRODUCT_NAME = "$(TARGET_NAME)";
				SWIFT_VERSION = 5.0;
				TARGETED_DEVICE_FAMILY = "1,2";
			};
			name = Release;
		};
		81D4D6E1284381CB008BAA19 /* Debug */ = {
			isa = XCBuildConfiguration;
			buildSettings = {
				ALWAYS_EMBED_SWIFT_STANDARD_LIBRARIES = YES;
				BUNDLE_LOADER = "$(TEST_HOST)";
				CODE_SIGN_STYLE = Automatic;
				INFOPLIST_FILE = PranaBrowserTests/Info.plist;
				IPHONEOS_DEPLOYMENT_TARGET = 14.0;
				LD_RUNPATH_SEARCH_PATHS = (
					"$(inherited)",
					"@executable_path/Frameworks",
					"@loader_path/Frameworks",
				);
				PRODUCT_BUNDLE_IDENTIFIER = com.krishpranav.PranaBrowserTests;
				PRODUCT_NAME = "$(TARGET_NAME)";
				SWIFT_VERSION = 5.0;
				TARGETED_DEVICE_FAMILY = "1,2";
				TEST_HOST = "$(BUILT_PRODUCTS_DIR)/PranaBrowser.app/PranaBrowser";
			};
			name = Debug;
		};
		81D4D6E2284381CB008BAA19 /* Release */ = {
			isa = XCBuildConfiguration;
			buildSettings = {
				ALWAYS_EMBED_SWIFT_STANDARD_LIBRARIES = YES;
				BUNDLE_LOADER = "$(TEST_HOST)";
				CODE_SIGN_STYLE = Automatic;
				INFOPLIST_FILE = PranaBrowserTests/Info.plist;
				IPHONEOS_DEPLOYMENT_TARGET = 14.0;
				LD_RUNPATH_SEARCH_PATHS = (
					"$(inherited)",
					"@executable_path/Frameworks",
					"@loader_path/Frameworks",
				);
				PRODUCT_BUNDLE_IDENTIFIER = com.krishpranav.PranaBrowserTests;
				PRODUCT_NAME = "$(TARGET_NAME)";
				SWIFT_VERSION = 5.0;
				TARGETED_DEVICE_FAMILY = "1,2";
				TEST_HOST = "$(BUILT_PRODUCTS_DIR)/PranaBrowser.app/PranaBrowser";
			};
			name = Release;
		};
		81D4D6E4284381CB008BAA19 /* Debug */ = {
			isa = XCBuildConfiguration;
			buildSettings = {
				ALWAYS_EMBED_SWIFT_STANDARD_LIBRARIES = YES;
				CODE_SIGN_STYLE = Automatic;
				INFOPLIST_FILE = PranaBrowserUITests/Info.plist;
				LD_RUNPATH_SEARCH_PATHS = (
					"$(inherited)",
					"@executable_path/Frameworks",
					"@loader_path/Frameworks",
				);
				PRODUCT_BUNDLE_IDENTIFIER = com.krishpranav.PranaBrowserUITests;
				PRODUCT_NAME = "$(TARGET_NAME)";
				SWIFT_VERSION = 5.0;
				TARGETED_DEVICE_FAMILY = "1,2";
				TEST_TARGET_NAME = PranaBrowser;
			};
			name = Debug;
		};
		81D4D6E5284381CB008BAA19 /* Release */ = {
			isa = XCBuildConfiguration;
			buildSettings = {
				ALWAYS_EMBED_SWIFT_STANDARD_LIBRARIES = YES;
				CODE_SIGN_STYLE = Automatic;
				INFOPLIST_FILE = PranaBrowserUITests/Info.plist;
				LD_RUNPATH_SEARCH_PATHS = (
					"$(inherited)",
					"@executable_path/Frameworks",
					"@loader_path/Frameworks",
				);
				PRODUCT_BUNDLE_IDENTIFIER = com.krishpranav.PranaBrowserUITests;
				PRODUCT_NAME = "$(TARGET_NAME)";
				SWIFT_VERSION = 5.0;
				TARGETED_DEVICE_FAMILY = "1,2";
				TEST_TARGET_NAME = PranaBrowser;
			};
			name = Release;
		};
/* End XCBuildConfiguration section */

/* Begin XCConfigurationList section */
		81D4D6B3284381C5008BAA19 /* Build configuration list for PBXProject "PranaBrowser" */ = {
			isa = XCConfigurationList;
			buildConfigurations = (
				81D4D6DB284381CB008BAA19 /* Debug */,
				81D4D6DC284381CB008BAA19 /* Release */,
			);
			defaultConfigurationIsVisible = 0;
			defaultConfigurationName = Release;
		};
		81D4D6DD284381CB008BAA19 /* Build configuration list for PBXNativeTarget "PranaBrowser" */ = {
			isa = XCConfigurationList;
			buildConfigurations = (
				81D4D6DE284381CB008BAA19 /* Debug */,
				81D4D6DF284381CB008BAA19 /* Release */,
			);
			defaultConfigurationIsVisible = 0;
			defaultConfigurationName = Release;
		};
		81D4D6E0284381CB008BAA19 /* Build configuration list for PBXNativeTarget "PranaBrowserTests" */ = {
			isa = XCConfigurationList;
			buildConfigurations = (
				81D4D6E1284381CB008BAA19 /* Debug */,
				81D4D6E2284381CB008BAA19 /* Release */,
			);
			defaultConfigurationIsVisible = 0;
			defaultConfigurationName = Release;
		};
		81D4D6E3284381CB008BAA19 /* Build configuration list for PBXNativeTarget "PranaBrowserUITests" */ = {
			isa = XCConfigurationList;
			buildConfigurations = (
				81D4D6E4284381CB008BAA19 /* Debug */,
				81D4D6E5284381CB008BAA19 /* Release */,
			);
			defaultConfigurationIsVisible = 0;
			defaultConfigurationName = Release;
		};
/* End XCConfigurationList section */
	};
	rootObject = 81D4D6B0284381C5008BAA19 /* Project object */;
}
